
Microsoft Visual Studio Solution File, Format Version 12.00
# Visual Studio Version 17
VisualStudioVersion = 17.3.32611.2
MinimumVisualStudioVersion = 10.0.40219.1
Project("{FAE04EC0-301F-11D3-BF4B-00C04F79EFBC}") = "CoPilotDemo.Api", "CoPilotDemo.Api\CoPilotDemo.Api.csproj", "{48D9B8C2-D20F-47FA-8DBA-27B73A0FC295}"
EndProject
Global
	GlobalSection(SolutionConfigurationPlatforms) = preSolution
		Debug|Any CPU = Debug|Any CPU
		Release|Any CPU = Release|Any CPU
	EndGlobalSection
	GlobalSection(ProjectConfigurationPlatforms) = postSolution
		{48D9B8C2-D20F-47FA-8DBA-27B73A0FC295}.Debug|Any CPU.ActiveCfg = Debug|Any CPU
		{48D9B8C2-D20F-47FA-8DBA-27B73A0FC295}.Debug|Any CPU.Build.0 = Debug|Any CPU
		{48D9B8C2-D20F-47FA-8DBA-27B73A0FC295}.Release|Any CPU.ActiveCfg = Release|Any CPU
		{48D9B8C2-D20F-47FA-8DBA-27B73A0FC295}.Release|Any CPU.Build.0 = Release|Any CPU
	EndGlobalSection
	GlobalSection(SolutionProperties) = preSolution
		HideSolutionNode = FALSE
	EndGlobalSection
	GlobalSection(ExtensibilityGlobals) = postSolution
		SolutionGuid = {E23510AA-01DA-4890-8996-1B3C39D11EEC}
	EndGlobalSection
EndGlobal
